
Microsoft Visual Studio Solution File, Format Version 12.00
# Visual Studio Version 17
VisualStudioVersion = 17.14.36121.58 d17.14
MinimumVisualStudioVersion = 10.0.40219.1
Project("{FAE04EC0-301F-11D3-BF4B-00C04F79EFBC}") = "t3_yordan", "t3_yordan\t3_yordan.csproj", "{2D50796F-323D-4D98-B0F0-078D537BACF1}"
EndProject
Global
	GlobalSection(SolutionConfigurationPlatforms) = preSolution
		Debug|Any CPU = Debug|Any CPU
		Release|Any CPU = Release|Any CPU
	EndGlobalSection
	GlobalSection(ProjectConfigurationPlatforms) = postSolution
		{2D50796F-323D-4D98-B0F0-078D537BACF1}.Debug|Any CPU.ActiveCfg = Debug|Any CPU
		{2D50796F-323D-4D98-B0F0-078D537BACF1}.Debug|Any CPU.Build.0 = Debug|Any CPU
		{2D50796F-323D-4D98-B0F0-078D537BACF1}.Release|Any CPU.ActiveCfg = Release|Any CPU
		{2D50796F-323D-4D98-B0F0-078D537BACF1}.Release|Any CPU.Build.0 = Release|Any CPU
	EndGlobalSection
	GlobalSection(SolutionProperties) = preSolution
		HideSolutionNode = FALSE
	EndGlobalSection
	GlobalSection(ExtensibilityGlobals) = postSolution
		SolutionGuid = {33140E3B-FE38-4015-AA36-C58B5B065E6F}
	EndGlobalSection
EndGlobal
